hash: c2d0eb69c6a0b53b6d18f6b306ae4913f7cd02445ceeead5b9150da7b93ac10f
updated: 2017-09-12T18:52:33.615424299+05:00
imports:
- name: github.com/boltdb/bolt
  version: 2f1ce7a837dcb8da3ec595b1dac9d0632f0f99e8
- name: github.com/inconshreveable/mousetrap
  version: 76626ae9c91c4f2a10f34cad8ce83ea42c93bb75
- name: github.com/mattn/go-runewidth
  version: 97311d9f7767e3d6f422ea06661bc2c7a19e8a5d
- name: github.com/mattn/go-sqlite3
  version: ca5e3819723d8eeaf170ad510e7da1d6d2e94a08
- name: github.com/mitchellh/go-homedir
  version: b8bc1bf767474819792c23f32d8286a45736f1c6
- name: github.com/olekukonko/tablewriter
  version: 0fd34425a5aee40ff3f260b34e6c3b0d59f58c66
- name: github.com/spf13/cobra
  version: b78744579491c1ceeaaa3b40205e56b0591b93a3
- name: github.com/spf13/pflag
  version: 7aff26db30c1be810f9de5038ec5ef96ac41fd7c
- name: golang.org/x/net
  version: 66aacef3dd8a676686c7ae3716979581e8b03c47
  subpackages:
  - context
- name: golang.org/x/sys
  version: a5054c7c1385fd50d9394475365355a87a7873ec
  subpackages:
  - unix
- name: gopkg.in/yaml.v2
  version: eb3733d160e74a9c7e442f435eb3bea458e1d19f
testImports: []
